
Microsoft Visual Studio Solution File, Format Version 12.00
# Visual Studio Version 17
VisualStudioVersion = 17.2.32616.157
MinimumVisualStudioVersion = 10.0.40219.1
Project("{9A19103F-16F7-4668-BE54-9A1E7A4F7556}") = "Square", "Square.csproj", "{58A3556C-21BC-43FA-8F96-20CD4F8CAE2A}"
EndProject
Project("{FAE04EC0-301F-11D3-BF4B-00C04F79EFBC}") = "SquareTest", "..\SquareTest\SquareTest.csproj", "{B476CE2E-A03B-4F9B-AC12-33AE8494AF36}"
EndProject
Global
	GlobalSection(SolutionConfigurationPlatforms) = preSolution
		Debug|Any CPU = Debug|Any CPU
		Release|Any CPU = Release|Any CPU
	EndGlobalSection
	GlobalSection(ProjectConfigurationPlatforms) = postSolution
		{58A3556C-21BC-43FA-8F96-20CD4F8CAE2A}.Debug|Any CPU.ActiveCfg = Debug|Any CPU
		{58A3556C-21BC-43FA-8F96-20CD4F8CAE2A}.Debug|Any CPU.Build.0 = Debug|Any CPU
		{58A3556C-21BC-43FA-8F96-20CD4F8CAE2A}.Release|Any CPU.ActiveCfg = Release|Any CPU
		{58A3556C-21BC-43FA-8F96-20CD4F8CAE2A}.Release|Any CPU.Build.0 = Release|Any CPU
		{B476CE2E-A03B-4F9B-AC12-33AE8494AF36}.Debug|Any CPU.ActiveCfg = Debug|Any CPU
		{B476CE2E-A03B-4F9B-AC12-33AE8494AF36}.Debug|Any CPU.Build.0 = Debug|Any CPU
		{B476CE2E-A03B-4F9B-AC12-33AE8494AF36}.Release|Any CPU.ActiveCfg = Release|Any CPU
		{B476CE2E-A03B-4F9B-AC12-33AE8494AF36}.Release|Any CPU.Build.0 = Release|Any CPU
	EndGlobalSection
	GlobalSection(SolutionProperties) = preSolution
		HideSolutionNode = FALSE
	EndGlobalSection
	GlobalSection(ExtensibilityGlobals) = postSolution
		SolutionGuid = {B9C1D097-5FF1-4B74-B0C1-D87440718707}
	EndGlobalSection
EndGlobal
